{
  "name": "rob-food",
  "version": "1.0.0",
  "lockfileVersion": 2,
  "requires": true,
  "packages": {
    "": {
      "name": "rob-food",
      "version": "1.0.0",
      "license": "ISC",
      "devDependencies": {
        "@autojs/types-pro9": "^9.0.0"
      }
    },
    "node_modules/@autojs/types-pro9": {
      "version": "9.0.0",
      "resolved": "https://registry.npmmirror.com/@autojs/types-pro9/-/types-pro9-9.0.0.tgz",
      "integrity": "sha512-yGknTnPqmALFoarnnhio38ZbzVd26E2y7cl1lx5ZayCUF8YpGV3k+FMh0n2EJnumxvTUIhahiI9+XwTxLpJi8g==",
      "dev": true
    }
  },
  "dependencies": {
    "@autojs/types-pro9": {
      "version": "9.0.0",
      "resolved": "https://registry.npmmirror.com/@autojs/types-pro9/-/types-pro9-9.0.0.tgz",
      "integrity": "sha512-yGknTnPqmALFoarnnhio38ZbzVd26E2y7cl1lx5ZayCUF8YpGV3k+FMh0n2EJnumxvTUIhahiI9+XwTxLpJi8g==",
      "dev": true
    }
  }
}
